
Microsoft Visual Studio Solution File, Format Version 12.00
# Visual Studio 15
VisualStudioVersion = 15.0.28307.421
MinimumVisualStudioVersion = 10.0.40219.1
Project("{FAE04EC0-301F-11D3-BF4B-00C04F79EFBC}") = "StorageSystem.Console", "StorageSystem.Console\StorageSystem.Console.csproj", "{06D9EEAC-BB56-4E49-AC44-C2A50DAB5A79}"
EndProject
Project("{FAE04EC0-301F-11D3-BF4B-00C04F79EFBC}") = "StorageSystem.DataAccess", "StorageSystem.DataAccess\StorageSystem.DataAccess.csproj", "{9553C9D3-3BCD-4424-931B-6F7E3DD0BC43}"
EndProject
Project("{FAE04EC0-301F-11D3-BF4B-00C04F79EFBC}") = "StorageSystem.Models", "StorageSystem.Models\StorageSystem.Models.csproj", "{460472F5-F8B9-45BF-A2EF-2A0B4397E625}"
EndProject
Project("{FAE04EC0-301F-11D3-BF4B-00C04F79EFBC}") = "StorageSystem.Models.Abstract", "StorageSystem.Models.Abstract\StorageSystem.Models.Abstract.csproj", "{C2A67E4D-F43A-4BD1-8B56-5BF266197C00}"
EndProject
Project("{FAE04EC0-301F-11D3-BF4B-00C04F79EFBC}") = "StorageSystem.Services.Abstract", "StorageSystem.Services.Abstract\StorageSystem.Services.Abstract.csproj", "{DC2AA66F-1148-4A9C-8F22-051C777D1AE9}"
EndProject
Global
	GlobalSection(SolutionConfigurationPlatforms) = preSolution
		Debug|Any CPU = Debug|Any CPU
		Release|Any CPU = Release|Any CPU
	EndGlobalSection
	GlobalSection(ProjectConfigurationPlatforms) = postSolution
		{06D9EEAC-BB56-4E49-AC44-C2A50DAB5A79}.Debug|Any CPU.ActiveCfg = Debug|Any CPU
		{06D9EEAC-BB56-4E49-AC44-C2A50DAB5A79}.Debug|Any CPU.Build.0 = Debug|Any CPU
		{06D9EEAC-BB56-4E49-AC44-C2A50DAB5A79}.Release|Any CPU.ActiveCfg = Release|Any CPU
		{06D9EEAC-BB56-4E49-AC44-C2A50DAB5A79}.Release|Any CPU.Build.0 = Release|Any CPU
		{9553C9D3-3BCD-4424-931B-6F7E3DD0BC43}.Debug|Any CPU.ActiveCfg = Debug|Any CPU
		{9553C9D3-3BCD-4424-931B-6F7E3DD0BC43}.Debug|Any CPU.Build.0 = Debug|Any CPU
		{9553C9D3-3BCD-4424-931B-6F7E3DD0BC43}.Release|Any CPU.ActiveCfg = Release|Any CPU
		{9553C9D3-3BCD-4424-931B-6F7E3DD0BC43}.Release|Any CPU.Build.0 = Release|Any CPU
		{460472F5-F8B9-45BF-A2EF-2A0B4397E625}.Debug|Any CPU.ActiveCfg = Debug|Any CPU
		{460472F5-F8B9-45BF-A2EF-2A0B4397E625}.Debug|Any CPU.Build.0 = Debug|Any CPU
		{460472F5-F8B9-45BF-A2EF-2A0B4397E625}.Release|Any CPU.ActiveCfg = Release|Any CPU
		{460472F5-F8B9-45BF-A2EF-2A0B4397E625}.Release|Any CPU.Build.0 = Release|Any CPU
		{C2A67E4D-F43A-4BD1-8B56-5BF266197C00}.Debug|Any CPU.ActiveCfg = Debug|Any CPU
		{C2A67E4D-F43A-4BD1-8B56-5BF266197C00}.Debug|Any CPU.Build.0 = Debug|Any CPU
		{C2A67E4D-F43A-4BD1-8B56-5BF266197C00}.Release|Any CPU.ActiveCfg = Release|Any CPU
		{C2A67E4D-F43A-4BD1-8B56-5BF266197C00}.Release|Any CPU.Build.0 = Release|Any CPU
		{DC2AA66F-1148-4A9C-8F22-051C777D1AE9}.Debug|Any CPU.ActiveCfg = Debug|Any CPU
		{DC2AA66F-1148-4A9C-8F22-051C777D1AE9}.Debug|Any CPU.Build.0 = Debug|Any CPU
		{DC2AA66F-1148-4A9C-8F22-051C777D1AE9}.Release|Any CPU.ActiveCfg = Release|Any CPU
		{DC2AA66F-1148-4A9C-8F22-051C777D1AE9}.Release|Any CPU.Build.0 = Release|Any CPU
	EndGlobalSection
	GlobalSection(SolutionProperties) = preSolution
		HideSolutionNode = FALSE
	EndGlobalSection
	GlobalSection(ExtensibilityGlobals) = postSolution
		SolutionGuid = {D7E322F3-DBA4-4B34-BC00-E8602262EA59}
	EndGlobalSection
EndGlobal
